
Microsoft Visual Studio Solution File, Format Version 12.00
# Visual Studio Version 17
VisualStudioVersion = 17.14.36408.4 d17.14
MinimumVisualStudioVersion = 10.0.40219.1
Project("{FAE04EC0-301F-11D3-BF4B-00C04F79EFBC}") = "mf-dev-backend-2025", "mf-dev-backend-2025\mf-dev-backend-2025.csproj", "{22A63792-BE47-40BD-81E4-0216C9C96069}"
EndProject
Global
	GlobalSection(SolutionConfigurationPlatforms) = preSolution
		Debug|Any CPU = Debug|Any CPU
		Release|Any CPU = Release|Any CPU
	EndGlobalSection
	GlobalSection(ProjectConfigurationPlatforms) = postSolution
		{22A63792-BE47-40BD-81E4-0216C9C96069}.Debug|Any CPU.ActiveCfg = Debug|Any CPU
		{22A63792-BE47-40BD-81E4-0216C9C96069}.Debug|Any CPU.Build.0 = Debug|Any CPU
		{22A63792-BE47-40BD-81E4-0216C9C96069}.Release|Any CPU.ActiveCfg = Release|Any CPU
		{22A63792-BE47-40BD-81E4-0216C9C96069}.Release|Any CPU.Build.0 = Release|Any CPU
	EndGlobalSection
	GlobalSection(SolutionProperties) = preSolution
		HideSolutionNode = FALSE
	EndGlobalSection
	GlobalSection(ExtensibilityGlobals) = postSolution
		SolutionGuid = {902DA8E5-3CA6-4A36-B115-7A6728D45A6F}
	EndGlobalSection
EndGlobal
